
Microsoft Visual Studio Solution File, Format Version 12.00
# Visual Studio 15
VisualStudioVersion = 15.0.28010.2019
MinimumVisualStudioVersion = 10.0.40219.1
Project("{FAE04EC0-301F-11D3-BF4B-00C04F79EFBC}") = "Service", "Service\Service.csproj", "{A87A0BD0-322D-4FB9-8D90-BF7792B0F5B2}"
EndProject
Project("{FAE04EC0-301F-11D3-BF4B-00C04F79EFBC}") = "Client", "Client\Client.csproj", "{BE406B83-83BC-479E-91A1-A11136ED6212}"
EndProject
Project("{FAE04EC0-301F-11D3-BF4B-00C04F79EFBC}") = "ServiceClient.Interfaces", "ServiceClient.Interfaces\ServiceClient.Interfaces.csproj", "{AD13AD8B-8DB8-4A2E-B47D-E90673E3AF49}"
EndProject
Project("{FAE04EC0-301F-11D3-BF4B-00C04F79EFBC}") = "ServiceClient", "ServiceClient\ServiceClient.csproj", "{59584CFF-3133-4DA4-B873-0528E678A4D5}"
EndProject
Global
	GlobalSection(SolutionConfigurationPlatforms) = preSolution
		Debug|Any CPU = Debug|Any CPU
		Release|Any CPU = Release|Any CPU
	EndGlobalSection
	GlobalSection(ProjectConfigurationPlatforms) = postSolution
		{A87A0BD0-322D-4FB9-8D90-BF7792B0F5B2}.Debug|Any CPU.ActiveCfg = Debug|Any CPU
		{A87A0BD0-322D-4FB9-8D90-BF7792B0F5B2}.Debug|Any CPU.Build.0 = Debug|Any CPU
		{A87A0BD0-322D-4FB9-8D90-BF7792B0F5B2}.Release|Any CPU.ActiveCfg = Release|Any CPU
		{A87A0BD0-322D-4FB9-8D90-BF7792B0F5B2}.Release|Any CPU.Build.0 = Release|Any CPU
		{BE406B83-83BC-479E-91A1-A11136ED6212}.Debug|Any CPU.ActiveCfg = Debug|Any CPU
		{BE406B83-83BC-479E-91A1-A11136ED6212}.Debug|Any CPU.Build.0 = Debug|Any CPU
		{BE406B83-83BC-479E-91A1-A11136ED6212}.Release|Any CPU.ActiveCfg = Release|Any CPU
		{BE406B83-83BC-479E-91A1-A11136ED6212}.Release|Any CPU.Build.0 = Release|Any CPU
		{AD13AD8B-8DB8-4A2E-B47D-E90673E3AF49}.Debug|Any CPU.ActiveCfg = Debug|Any CPU
		{AD13AD8B-8DB8-4A2E-B47D-E90673E3AF49}.Debug|Any CPU.Build.0 = Debug|Any CPU
		{AD13AD8B-8DB8-4A2E-B47D-E90673E3AF49}.Release|Any CPU.ActiveCfg = Release|Any CPU
		{AD13AD8B-8DB8-4A2E-B47D-E90673E3AF49}.Release|Any CPU.Build.0 = Release|Any CPU
		{59584CFF-3133-4DA4-B873-0528E678A4D5}.Debug|Any CPU.ActiveCfg = Debug|Any CPU
		{59584CFF-3133-4DA4-B873-0528E678A4D5}.Debug|Any CPU.Build.0 = Debug|Any CPU
		{59584CFF-3133-4DA4-B873-0528E678A4D5}.Release|Any CPU.ActiveCfg = Release|Any CPU
		{59584CFF-3133-4DA4-B873-0528E678A4D5}.Release|Any CPU.Build.0 = Release|Any CPU
	EndGlobalSection
	GlobalSection(SolutionProperties) = preSolution
		HideSolutionNode = FALSE
	EndGlobalSection
	GlobalSection(ExtensibilityGlobals) = postSolution
		SolutionGuid = {5D58CCF3-83C9-42F7-BE58-A32EB8CAA351}
	EndGlobalSection
EndGlobal
